<?xml version="1.0" encoding="UTF-8"?>
<CodeBlocks_project_file>
	<FileVersion major="1" minor="6"/>
	<Project>
		<Option title="homegear_loxone_miniserver"/>
		<Option makefile_is_custom="1"/>
		<Option compiler="gcc"/>
		<Option virtualFolders="CMake Files\;"/>
		<Build>
			<Target title="all">
				<Option working_dir="/root/Homegear-Loxone"/>
				<Option type="4"/>
				<MakeCommands>
					<Build command="/usr/bin/make -f &quot;/root/Homegear-Loxone/Makefile&quot;  VERBOSE=1 all"/>
					<CompileFile command="/usr/bin/make -f &quot;/root/Homegear-Loxone/Makefile&quot;  VERBOSE=1 &quot;$file&quot;"/>
					<Clean command="/usr/bin/make -f &quot;/root/Homegear-Loxone/Makefile&quot;  VERBOSE=1 clean"/>
					<DistClean command="/usr/bin/make -f &quot;/root/Homegear-Loxone/Makefile&quot;  VERBOSE=1 clean"/>
				</MakeCommands>
			</Target>
			<Target title="rebuild_cache">
				<Option working_dir="/root/Homegear-Loxone"/>
				<Option type="4"/>
				<MakeCommands>
					<Build command="/usr/bin/make -f &quot;/root/Homegear-Loxone/Makefile&quot;  VERBOSE=1 rebuild_cache"/>
					<CompileFile command="/usr/bin/make -f &quot;/root/Homegear-Loxone/Makefile&quot;  VERBOSE=1 &quot;$file&quot;"/>
					<Clean command="/usr/bin/make -f &quot;/root/Homegear-Loxone/Makefile&quot;  VERBOSE=1 clean"/>
					<DistClean command="/usr/bin/make -f &quot;/root/Homegear-Loxone/Makefile&quot;  VERBOSE=1 clean"/>
				</MakeCommands>
			</Target>
			<Target title="edit_cache">
				<Option working_dir="/root/Homegear-Loxone"/>
				<Option type="4"/>
				<MakeCommands>
					<Build command="/usr/bin/make -f &quot;/root/Homegear-Loxone/Makefile&quot;  VERBOSE=1 edit_cache"/>
					<CompileFile command="/usr/bin/make -f &quot;/root/Homegear-Loxone/Makefile&quot;  VERBOSE=1 &quot;$file&quot;"/>
					<Clean command="/usr/bin/make -f &quot;/root/Homegear-Loxone/Makefile&quot;  VERBOSE=1 clean"/>
					<DistClean command="/usr/bin/make -f &quot;/root/Homegear-Loxone/Makefile&quot;  VERBOSE=1 clean"/>
				</MakeCommands>
			</Target>
			<Target title="homegear">
				<Option working_dir="/root/Homegear-Loxone"/>
				<Option type="4"/>
				<MakeCommands>
					<Build command="/usr/bin/make -f &quot;/root/Homegear-Loxone/Makefile&quot;  VERBOSE=1 homegear"/>
					<CompileFile command="/usr/bin/make -f &quot;/root/Homegear-Loxone/Makefile&quot;  VERBOSE=1 &quot;$file&quot;"/>
					<Clean command="/usr/bin/make -f &quot;/root/Homegear-Loxone/Makefile&quot;  VERBOSE=1 clean"/>
					<DistClean command="/usr/bin/make -f &quot;/root/Homegear-Loxone/Makefile&quot;  VERBOSE=1 clean"/>
				</MakeCommands>
			</Target>
			<Target title="homegear_loxone_miniserver">
				<Option output="/root/Homegear-Loxone/libhomegear_loxone_miniserver.a" prefix_auto="0" extension_auto="0"/>
				<Option working_dir="/root/Homegear-Loxone"/>
				<Option object_output="./"/>
				<Option type="2"/>
				<Option compiler="gcc"/>
				<Compiler/>
				<MakeCommands>
					<Build command="/usr/bin/make -f &quot;/root/Homegear-Loxone/Makefile&quot;  VERBOSE=1 homegear_loxone_miniserver"/>
					<CompileFile command="/usr/bin/make -f &quot;/root/Homegear-Loxone/Makefile&quot;  VERBOSE=1 &quot;$file&quot;"/>
					<Clean command="/usr/bin/make -f &quot;/root/Homegear-Loxone/Makefile&quot;  VERBOSE=1 clean"/>
					<DistClean command="/usr/bin/make -f &quot;/root/Homegear-Loxone/Makefile&quot;  VERBOSE=1 clean"/>
				</MakeCommands>
			</Target>
			<Target title="homegear_loxone_miniserver/fast">
				<Option output="/root/Homegear-Loxone/libhomegear_loxone_miniserver.a" prefix_auto="0" extension_auto="0"/>
				<Option working_dir="/root/Homegear-Loxone"/>
				<Option object_output="./"/>
				<Option type="2"/>
				<Option compiler="gcc"/>
				<Compiler/>
				<MakeCommands>
					<Build command="/usr/bin/make -f &quot;/root/Homegear-Loxone/Makefile&quot;  VERBOSE=1 homegear_loxone_miniserver/fast"/>
					<CompileFile command="/usr/bin/make -f &quot;/root/Homegear-Loxone/Makefile&quot;  VERBOSE=1 &quot;$file&quot;"/>
					<Clean command="/usr/bin/make -f &quot;/root/Homegear-Loxone/Makefile&quot;  VERBOSE=1 clean"/>
					<DistClean command="/usr/bin/make -f &quot;/root/Homegear-Loxone/Makefile&quot;  VERBOSE=1 clean"/>
				</MakeCommands>
			</Target>
		</Build>
		<Unit filename="/root/Homegear-Loxone/src">
			<Option target="homegear"/>
			<Option target="homegear_loxone_miniserver"/>
		</Unit>
		<Unit filename="/root/Homegear-Loxone/src/Factory.cpp">
			<Option target="homegear"/>
			<Option target="homegear_loxone_miniserver"/>
		</Unit>
		<Unit filename="/root/Homegear-Loxone/src/Factory.h">
			<Option target="homegear"/>
			<Option target="homegear_loxone_miniserver"/>
		</Unit>
		<Unit filename="/root/Homegear-Loxone/src/GD.cpp">
			<Option target="homegear"/>
			<Option target="homegear_loxone_miniserver"/>
		</Unit>
		<Unit filename="/root/Homegear-Loxone/src/GD.h">
			<Option target="homegear"/>
			<Option target="homegear_loxone_miniserver"/>
		</Unit>
		<Unit filename="/root/Homegear-Loxone/src/Interfaces.cpp">
			<Option target="homegear"/>
			<Option target="homegear_loxone_miniserver"/>
		</Unit>
		<Unit filename="/root/Homegear-Loxone/src/Interfaces.h">
			<Option target="homegear"/>
			<Option target="homegear_loxone_miniserver"/>
		</Unit>
		<Unit filename="/root/Homegear-Loxone/src/Loxone.cpp">
			<Option target="homegear"/>
			<Option target="homegear_loxone_miniserver"/>
		</Unit>
		<Unit filename="/root/Homegear-Loxone/src/Loxone.h">
			<Option target="homegear"/>
			<Option target="homegear_loxone_miniserver"/>
		</Unit>
		<Unit filename="/root/Homegear-Loxone/src/LoxoneCentral.cpp">
			<Option target="homegear"/>
			<Option target="homegear_loxone_miniserver"/>
		</Unit>
		<Unit filename="/root/Homegear-Loxone/src/LoxoneCentral.h">
			<Option target="homegear"/>
			<Option target="homegear_loxone_miniserver"/>
		</Unit>
		<Unit filename="/root/Homegear-Loxone/src/LoxoneControl.cpp">
			<Option target="homegear"/>
			<Option target="homegear_loxone_miniserver"/>
		</Unit>
		<Unit filename="/root/Homegear-Loxone/src/LoxoneControl.h">
			<Option target="homegear"/>
			<Option target="homegear_loxone_miniserver"/>
		</Unit>
		<Unit filename="/root/Homegear-Loxone/src/LoxoneLoxApp3.cpp">
			<Option target="homegear"/>
			<Option target="homegear_loxone_miniserver"/>
		</Unit>
		<Unit filename="/root/Homegear-Loxone/src/LoxoneLoxApp3.h">
			<Option target="homegear"/>
			<Option target="homegear_loxone_miniserver"/>
		</Unit>
		<Unit filename="/root/Homegear-Loxone/src/LoxonePacket.cpp">
			<Option target="homegear"/>
			<Option target="homegear_loxone_miniserver"/>
		</Unit>
		<Unit filename="/root/Homegear-Loxone/src/LoxonePacket.h">
			<Option target="homegear"/>
			<Option target="homegear_loxone_miniserver"/>
		</Unit>
		<Unit filename="/root/Homegear-Loxone/src/LoxonePeer.cpp">
			<Option target="homegear"/>
			<Option target="homegear_loxone_miniserver"/>
		</Unit>
		<Unit filename="/root/Homegear-Loxone/src/LoxonePeer.h">
			<Option target="homegear"/>
			<Option target="homegear_loxone_miniserver"/>
		</Unit>
		<Unit filename="/root/Homegear-Loxone/src/PhysicalInterfaces/GnutlsData.cpp">
			<Option target="homegear"/>
			<Option target="homegear_loxone_miniserver"/>
		</Unit>
		<Unit filename="/root/Homegear-Loxone/src/PhysicalInterfaces/GnutlsData.h">
			<Option target="homegear"/>
			<Option target="homegear_loxone_miniserver"/>
		</Unit>
		<Unit filename="/root/Homegear-Loxone/src/PhysicalInterfaces/LoxoneEncryption.cpp">
			<Option target="homegear"/>
			<Option target="homegear_loxone_miniserver"/>
		</Unit>
		<Unit filename="/root/Homegear-Loxone/src/PhysicalInterfaces/LoxoneEncryption.h">
			<Option target="homegear"/>
			<Option target="homegear_loxone_miniserver"/>
		</Unit>
		<Unit filename="/root/Homegear-Loxone/src/PhysicalInterfaces/Miniserver.cpp">
			<Option target="homegear"/>
			<Option target="homegear_loxone_miniserver"/>
		</Unit>
		<Unit filename="/root/Homegear-Loxone/src/PhysicalInterfaces/Miniserver.h">
			<Option target="homegear"/>
			<Option target="homegear_loxone_miniserver"/>
		</Unit>
		<Unit filename="/root/Homegear-Loxone/CMakeLists.txt">
			<Option virtualFolder="CMake Files\"/>
		</Unit>
	</Project>
</CodeBlocks_project_file>
